{
  "version": 4,
  "terraform_version": "1.15.0",
  "serial": 43,
  "lineage": "772e1e9e-b7ce-a542-cdf7-b0c0af4d2f2e",
  "outputs": {
    "platform_a_ip": {
      "value": "93.77.183.69",
      "type": "string"
    },
    "platform_b_ip": {
      "value": "130.193.53.32",
      "type": "string"
    }
  },
  "resources": [
    {
      "mode": "data",
      "type": "yandex_compute_image",
      "name": "ubuntu",
      "provider": "provider[\"registry.terraform.io/yandex-cloud/yandex\"]",
      "instances": [
        {
          "schema_version": 0,
          "attributes": {
            "created_at": "2026-02-16T11:21:07Z",
            "description": "Ubuntu 20.04 lts v20260213011428",
            "family": "ubuntu-2004-lts",
            "folder_id": "standard-images",
            "hardware_generation": [
              {
                "generation2_features": [],
                "legacy_features": [
                  {
                    "pci_topology": "PCI_TOPOLOGY_V2"
                  }
                ]
              }
            ],
            "id": "fd84es6pnho7mpbjerv1",
            "image_id": "fd84es6pnho7mpbjerv1",
            "kms_key_id": null,
            "labels": {
              "version": "20260213011428",
              "x-hopper-operation-id": "d9pipk16mla58aeetnof",
              "x-hopper-source-image-id": "fd8go1632rp4sueg4ihh"
            },
            "min_disk_size": 5,
            "name": "ubuntu-20-04-lts-v20260216",
            "os_type": "linux",
            "pooled": true,
            "product_ids": [
              "f2enkrrhnq34ll701ind"
            ],
            "size": 2,
            "status": "ready"
          },
          "sensitive_attributes": [],
          "identity_schema_version": 0
        }
      ]
    },
    {
      "mode": "data",
      "type": "yandex_compute_image",
      "name": "ubuntub",
      "provider": "provider[\"registry.terraform.io/yandex-cloud/yandex\"]",
      "instances": [
        {
          "schema_version": 0,
          "attributes": {
            "created_at": "2026-02-16T11:21:07Z",
            "description": "Ubuntu 20.04 lts v20260213011428",
            "family": "ubuntu-2004-lts",
            "folder_id": "standard-images",
            "hardware_generation": [
              {
                "generation2_features": [],
                "legacy_features": [
                  {
                    "pci_topology": "PCI_TOPOLOGY_V2"
                  }
                ]
              }
            ],
            "id": "fd84es6pnho7mpbjerv1",
            "image_id": "fd84es6pnho7mpbjerv1",
            "kms_key_id": null,
            "labels": {
              "version": "20260213011428",
              "x-hopper-operation-id": "d9pipk16mla58aeetnof",
              "x-hopper-source-image-id": "fd8go1632rp4sueg4ihh"
            },
            "min_disk_size": 5,
            "name": "ubuntu-20-04-lts-v20260216",
            "os_type": "linux",
            "pooled": true,
            "product_ids": [
              "f2enkrrhnq34ll701ind"
            ],
            "size": 2,
            "status": "ready"
          },
          "sensitive_attributes": [],
          "identity_schema_version": 0
        }
      ]
    },
    {
      "mode": "managed",
      "type": "yandex_compute_instance",
      "name": "platform",
      "provider": "provider[\"registry.terraform.io/yandex-cloud/yandex\"]",
      "instances": [
        {
          "schema_version": 1,
          "attributes": {
            "allow_recreate": null,
            "allow_stopping_for_update": null,
            "boot_disk": [
              {
                "auto_delete": true,
                "device_name": "fhmeolkfsdv33uh9oebs",
                "disk_id": "fhmeolkfsdv33uh9oebs",
                "initialize_params": [
                  {
                    "block_size": 4096,
                    "description": "",
                    "image_id": "fd84es6pnho7mpbjerv1",
                    "kms_key_id": "",
                    "name": "",
                    "size": 5,
                    "snapshot_id": "",
                    "type": "network-hdd"
                  }
                ],
                "mode": "READ_WRITE"
              }
            ],
            "created_at": "2026-02-18T15:29:31Z",
            "description": "",
            "filesystem": [],
            "folder_id": "b1gkmictp27f0rq4fjg4",
            "fqdn": "fhmb1ik3jnlbbhnec1o3.auto.internal",
            "gpu_cluster_id": "",
            "hardware_generation": [
              {
                "generation2_features": [],
                "legacy_features": [
                  {
                    "pci_topology": "PCI_TOPOLOGY_V2"
                  }
                ]
              }
            ],
            "hostname": "",
            "id": "fhmb1ik3jnlbbhnec1o3",
            "labels": {},
            "local_disk": [],
            "maintenance_grace_period": "",
            "maintenance_policy": null,
            "metadata": {
              "serial-port-enable": "1",
              "ssh-keys": "ubuntu:ssh-rsa AAAAB3NzaC1yc2EAAAADAQABAAABgQC/UatiHYpEpvCxASqPkx7Hya9uSY/tEcEkvMHHD0oen4unYREWNfBBc+qaKZDJYv2+dnA3PRHYyLnzNE4NKFgbLsCFFBqnBOEE9mMbAnsNQydttCIMivyGqiyGq9531wOYKQzbP99LZ3bDB2vaBvm2cKCBGONi8uBQNjz1EgHfjq5ozDa+Y+WZfToaEQnNDpwv6QakocgPRgdHiJ4FsEVvg7NPBFGAI6Mg/+LncQV3lBLJXHqsCNkNH/h3cIp/h5gPE3dGV8rww/B4OyLq0RPOwdcBjQclQecQZoGVSwsyFbv3XPnIH7W5RPr9Q8BgLXOx36KAbnX//eKerTwZ/kTW3ep+tN0wqrFzAy1v7Bz7BUE/UiphPE3xoZxQmPADQTY04FSsScA6Xt8Pl24PALWRdmi6Vbn42UdAcgSky+hV2yC7sskTKScLPgv9Iqtd4+BNuw56bwu/leQ4kt+b2kMM3z7b81U+t6PGPMKpn469Y7VYZ32ePfrCjwfjGA3AHqE= svil@NB-0111"
            },
            "metadata_options": [
              {
                "aws_v1_http_endpoint": 1,
                "aws_v1_http_token": 2,
                "gce_http_endpoint": 1,
                "gce_http_token": 1
              }
            ],
            "name": "netology-develop-platform-web-a",
            "network_acceleration_type": "standard",
            "network_interface": [
              {
                "dns_record": [],
                "index": 0,
                "ip_address": "10.0.1.32",
                "ipv4": true,
                "ipv6": false,
                "ipv6_address": "",
                "ipv6_dns_record": [],
                "mac_address": "d0:0d:b0:ca:83:9d",
                "nat": true,
                "nat_dns_record": [],
                "nat_ip_address": "93.77.183.69",
                "nat_ip_version": "IPV4",
                "security_group_ids": [],
                "subnet_id": "e9bdeqhntk5lsm89htr0"
              }
            ],
            "placement_policy": [
              {
                "host_affinity_rules": [],
                "placement_group_id": "",
                "placement_group_partition": 0
              }
            ],
            "platform_id": "standard-v3",
            "resources": [
              {
                "core_fraction": 20,
                "cores": 2,
                "gpus": 0,
                "memory": 1
              }
            ],
            "scheduling_policy": [
              {
                "preemptible": true
              }
            ],
            "secondary_disk": [],
            "service_account_id": "",
            "status": "running",
            "timeouts": null,
            "zone": "ru-central1-a"
          },
          "sensitive_attributes": [],
          "identity_schema_version": 0,
          "private": "eyJlMmJmYjczMC1lY2FhLTExZTYtOGY4OC0zNDM2M2JjN2M0YzAiOnsiY3JlYXRlIjozMDAwMDAwMDAwMDAsImRlbGV0ZSI6MzAwMDAwMDAwMDAwLCJ1cGRhdGUiOjMwMDAwMDAwMDAwMH0sInNjaGVtYV92ZXJzaW9uIjoiMSJ9",
          "dependencies": [
            "data.yandex_compute_image.ubuntu",
            "yandex_vpc_network.develop",
            "yandex_vpc_subnet.develop"
          ]
        }
      ]
    },
    {
      "mode": "managed",
      "type": "yandex_compute_instance",
      "name": "platformb",
      "provider": "provider[\"registry.terraform.io/yandex-cloud/yandex\"]",
      "instances": [
        {
          "schema_version": 1,
          "attributes": {
            "allow_recreate": null,
            "allow_stopping_for_update": true,
            "boot_disk": [
              {
                "auto_delete": true,
                "device_name": "epd6m7dsppa3mgb8kr5o",
                "disk_id": "epd6m7dsppa3mgb8kr5o",
                "initialize_params": [
                  {
                    "block_size": 4096,
                    "description": "",
                    "image_id": "fd84es6pnho7mpbjerv1",
                    "kms_key_id": "",
                    "name": "",
                    "size": 5,
                    "snapshot_id": "",
                    "type": "network-hdd"
                  }
                ],
                "mode": "READ_WRITE"
              }
            ],
            "created_at": "2026-02-18T18:01:12Z",
            "description": "",
            "filesystem": [],
            "folder_id": "b1gkmictp27f0rq4fjg4",
            "fqdn": "epd24hmj56vo4sfvpib5.auto.internal",
            "gpu_cluster_id": "",
            "hardware_generation": [
              {
                "generation2_features": [],
                "legacy_features": [
                  {
                    "pci_topology": "PCI_TOPOLOGY_V2"
                  }
                ]
              }
            ],
            "hostname": "",
            "id": "epd24hmj56vo4sfvpib5",
            "labels": {},
            "local_disk": [],
            "maintenance_grace_period": "",
            "maintenance_policy": null,
            "metadata": {},
            "metadata_options": [
              {
                "aws_v1_http_endpoint": 1,
                "aws_v1_http_token": 2,
                "gce_http_endpoint": 1,
                "gce_http_token": 1
              }
            ],
            "name": "netology-develop-platform-web-b",
            "network_acceleration_type": "standard",
            "network_interface": [
              {
                "dns_record": [],
                "index": 0,
                "ip_address": "10.2.0.11",
                "ipv4": true,
                "ipv6": false,
                "ipv6_address": "",
                "ipv6_dns_record": [],
                "mac_address": "d0:0d:22:46:d3:29",
                "nat": true,
                "nat_dns_record": [],
                "nat_ip_address": "130.193.53.32",
                "nat_ip_version": "IPV4",
                "security_group_ids": [],
                "subnet_id": "e2lupqidpnanmfjh2o76"
              }
            ],
            "placement_policy": [
              {
                "host_affinity_rules": [],
                "placement_group_id": "",
                "placement_group_partition": 0
              }
            ],
            "platform_id": "standard-v3",
            "resources": [
              {
                "core_fraction": 20,
                "cores": 2,
                "gpus": 0,
                "memory": 2
              }
            ],
            "scheduling_policy": [
              {
                "preemptible": true
              }
            ],
            "secondary_disk": [],
            "service_account_id": "",
            "status": "running",
            "timeouts": null,
            "zone": "ru-central1-b"
          },
          "sensitive_attributes": [],
          "identity_schema_version": 0,
          "private": "eyJlMmJmYjczMC1lY2FhLTExZTYtOGY4OC0zNDM2M2JjN2M0YzAiOnsiY3JlYXRlIjozMDAwMDAwMDAwMDAsImRlbGV0ZSI6MzAwMDAwMDAwMDAwLCJ1cGRhdGUiOjMwMDAwMDAwMDAwMH0sInNjaGVtYV92ZXJzaW9uIjoiMSJ9",
          "dependencies": [
            "data.yandex_compute_image.ubuntu",
            "yandex_vpc_network.develop",
            "yandex_vpc_subnet.public-b"
          ]
        }
      ]
    },
    {
      "mode": "managed",
      "type": "yandex_vpc_network",
      "name": "develop",
      "provider": "provider[\"registry.terraform.io/yandex-cloud/yandex\"]",
      "instances": [
        {
          "schema_version": 0,
          "attributes": {
            "created_at": "2026-02-18T15:29:27Z",
            "default_security_group_id": "enpn1nd8d9nf1cvtfnhb",
            "description": "",
            "folder_id": "b1gkmictp27f0rq4fjg4",
            "id": "enpr99s7t566qu50sckh",
            "labels": {},
            "name": "develop",
            "subnet_ids": [
              "e2lupqidpnanmfjh2o76",
              "e9bdeqhntk5lsm89htr0"
            ],
            "timeouts": null
          },
          "sensitive_attributes": [],
          "identity_schema_version": 0,
          "private": "eyJlMmJmYjczMC1lY2FhLTExZTYtOGY4OC0zNDM2M2JjN2M0YzAiOnsiY3JlYXRlIjo2MDAwMDAwMDAwMCwiZGVsZXRlIjo2MDAwMDAwMDAwMCwidXBkYXRlIjo2MDAwMDAwMDAwMH19"
        }
      ]
    },
    {
      "mode": "managed",
      "type": "yandex_vpc_subnet",
      "name": "develop",
      "provider": "provider[\"registry.terraform.io/yandex-cloud/yandex\"]",
      "instances": [
        {
          "schema_version": 0,
          "attributes": {
            "created_at": "2026-02-18T15:29:30Z",
            "description": "",
            "dhcp_options": [],
            "folder_id": "b1gkmictp27f0rq4fjg4",
            "id": "e9bdeqhntk5lsm89htr0",
            "labels": {},
            "name": "develop",
            "network_id": "enpr99s7t566qu50sckh",
            "route_table_id": "",
            "timeouts": null,
            "v4_cidr_blocks": [
              "10.0.1.0/24"
            ],
            "v6_cidr_blocks": [],
            "zone": "ru-central1-a"
          },
          "sensitive_attributes": [],
          "identity_schema_version": 0,
          "private": "eyJlMmJmYjczMC1lY2FhLTExZTYtOGY4OC0zNDM2M2JjN2M0YzAiOnsiY3JlYXRlIjoxODAwMDAwMDAwMDAsImRlbGV0ZSI6MTgwMDAwMDAwMDAwLCJ1cGRhdGUiOjE4MDAwMDAwMDAwMH19",
          "dependencies": [
            "yandex_vpc_network.develop"
          ]
        }
      ]
    },
    {
      "mode": "managed",
      "type": "yandex_vpc_subnet",
      "name": "public-b",
      "provider": "provider[\"registry.terraform.io/yandex-cloud/yandex\"]",
      "instances": [
        {
          "schema_version": 0,
          "attributes": {
            "created_at": "2026-02-18T17:49:54Z",
            "description": "",
            "dhcp_options": [],
            "folder_id": "b1gkmictp27f0rq4fjg4",
            "id": "e2lupqidpnanmfjh2o76",
            "labels": {},
            "name": "public-b",
            "network_id": "enpr99s7t566qu50sckh",
            "route_table_id": "",
            "timeouts": null,
            "v4_cidr_blocks": [
              "10.2.0.0/16"
            ],
            "v6_cidr_blocks": [],
            "zone": "ru-central1-b"
          },
          "sensitive_attributes": [],
          "identity_schema_version": 0,
          "private": "eyJlMmJmYjczMC1lY2FhLTExZTYtOGY4OC0zNDM2M2JjN2M0YzAiOnsiY3JlYXRlIjoxODAwMDAwMDAwMDAsImRlbGV0ZSI6MTgwMDAwMDAwMDAwLCJ1cGRhdGUiOjE4MDAwMDAwMDAwMH19",
          "dependencies": [
            "yandex_vpc_network.develop"
          ]
        }
      ]
    }
  ],
  "check_results": null
}
